
Microsoft Visual Studio Solution File, Format Version 12.00
# Visual Studio Version 17
VisualStudioVersion = 17.0.32112.339
MinimumVisualStudioVersion = 10.0.40219.1
Project("{FAE04EC0-301F-11D3-BF4B-00C04F79EFBC}") = "lab3", "lab3\lab3.csproj", "{6108EF1A-1A62-4255-9E44-8E49C613B5C5}"
EndProject
Global
	GlobalSection(SolutionConfigurationPlatforms) = preSolution
		Debug|Any CPU = Debug|Any CPU
		Release|Any CPU = Release|Any CPU
	EndGlobalSection
	GlobalSection(ProjectConfigurationPlatforms) = postSolution
		{6108EF1A-1A62-4255-9E44-8E49C613B5C5}.Debug|Any CPU.ActiveCfg = Debug|Any CPU
		{6108EF1A-1A62-4255-9E44-8E49C613B5C5}.Debug|Any CPU.Build.0 = Debug|Any CPU
		{6108EF1A-1A62-4255-9E44-8E49C613B5C5}.Release|Any CPU.ActiveCfg = Release|Any CPU
		{6108EF1A-1A62-4255-9E44-8E49C613B5C5}.Release|Any CPU.Build.0 = Release|Any CPU
	EndGlobalSection
	GlobalSection(SolutionProperties) = preSolution
		HideSolutionNode = FALSE
	EndGlobalSection
	GlobalSection(ExtensibilityGlobals) = postSolution
		SolutionGuid = {ABACC243-874B-4609-BA68-541D704ADFE2}
	EndGlobalSection
EndGlobal
